
Microsoft Visual Studio Solution File, Format Version 12.00
# Visual Studio Version 16
VisualStudioVersion = 16.0.32228.343
MinimumVisualStudioVersion = 10.0.40219.1
Project("{159641D6-6404-4A2A-AE62-294DE0FE8301}") = "FactSales", "FactSales.dtproj", "{97C5E916-A8C5-4613-880F-6D59153B057A}"
EndProject
Global
	GlobalSection(SolutionConfigurationPlatforms) = preSolution
		Development|Default = Development|Default
	EndGlobalSection
	GlobalSection(ProjectConfigurationPlatforms) = postSolution
		{97C5E916-A8C5-4613-880F-6D59153B057A}.Development|Default.ActiveCfg = Development
		{97C5E916-A8C5-4613-880F-6D59153B057A}.Development|Default.Build.0 = Development
	EndGlobalSection
	GlobalSection(SolutionProperties) = preSolution
		HideSolutionNode = FALSE
	EndGlobalSection
	GlobalSection(ExtensibilityGlobals) = postSolution
		SolutionGuid = {D56BDF08-FC3B-435B-B9F1-6492A7A45AFC}
	EndGlobalSection
EndGlobal
